
Microsoft Visual Studio Solution File, Format Version 12.00
# Visual Studio Version 16
VisualStudioVersion = 16.0.31624.102
MinimumVisualStudioVersion = 10.0.40219.1
Project("{FAE04EC0-301F-11D3-BF4B-00C04F79EFBC}") = "ContosoUniversity", "ContosoUniversity\ContosoUniversity.csproj", "{F4B75257-3E81-45ED-A3E2-39A1A97D332F}"
EndProject
Global
	GlobalSection(SolutionConfigurationPlatforms) = preSolution
		Debug|Any CPU = Debug|Any CPU
		Release|Any CPU = Release|Any CPU
	EndGlobalSection
	GlobalSection(ProjectConfigurationPlatforms) = postSolution
		{F4B75257-3E81-45ED-A3E2-39A1A97D332F}.Debug|Any CPU.ActiveCfg = Debug|Any CPU
		{F4B75257-3E81-45ED-A3E2-39A1A97D332F}.Debug|Any CPU.Build.0 = Debug|Any CPU
		{F4B75257-3E81-45ED-A3E2-39A1A97D332F}.Release|Any CPU.ActiveCfg = Release|Any CPU
		{F4B75257-3E81-45ED-A3E2-39A1A97D332F}.Release|Any CPU.Build.0 = Release|Any CPU
	EndGlobalSection
	GlobalSection(SolutionProperties) = preSolution
		HideSolutionNode = FALSE
	EndGlobalSection
	GlobalSection(ExtensibilityGlobals) = postSolution
		SolutionGuid = {1E1AA45E-9866-486F-B43F-2B490014FBAA}
	EndGlobalSection
EndGlobal
